github.com/google/uuid v1.6.0 h1:NIvaJDMOsjHA8n1jAhLSgzrAzy1Hgr+hNrb57e+94F0=
github.com/google/uuid v1.6.0/go.mod h1:TIyPZe4MgqvfeYDBFedMoGGpEw/LqOeaOT+nhxU+yHo=
github.com/osyah/hryzun v0.0.1 h1:a4GTMO9wJghVTDAnSvkwrCaDSmYUUEIXD2DM1oc+Er4=
github.com/osyah/hryzun v0.0.1/go.mod h1:e2YB2GEjAidDbwULtu+vVGfWrcVhEQHCcPIuGlPZD2c=
github.com/osyah/hryzun v0.0.2 h1:OyIWGS8G7wCtOog6P/xzdXAvpK72tMuOodyt9dVkxcE=
github.com/osyah/hryzun v0.0.2/go.mod h1:e2YB2GEjAidDbwULtu+vVGfWrcVhEQHCcPIuGlPZD2c=
